{
    "name": "rollup-commonjs-reproduction",
    "version": "1.3.0",
    "lockfileVersion": 2,
    "requires": true,
    "packages": {
        "": {
            "name": "rollup-commonjs-reproduction",
            "license": "ISC",
            "workspaces": [
                "service",
                "dynamodb"
            ],
            "devDependencies": {
                "typescript": "^4.5.5"
            },
            "engines": {
                "node": "^12 || ^14 || ^16",
                "npm": "^7 || ^8"
            }
        },
        "common/dynamodb": {
            "name": "services-dynamodb",
            "version": "1.0.0",
            "extraneous": true,
            "license": "ISC",
            "dependencies": {
                "@aws-sdk/client-dynamodb": "^3.44.0",
                "@aws-sdk/lib-dynamodb": "^3.44.0",
                "@aws/dynamodb-data-mapper": "^0.7.3",
                "aws-sdk": "^2.1067.0"
            },
            "devDependencies": {
                "typescript": "^4.5.5"
            }
        },
        "common/gpp-compat": {
            "name": "services-gpp-compat",
            "version": "1.0.0",
            "extraneous": true,
            "license": "ISC",
            "dependencies": {
                "aws-lambda": "^1.0.7",
                "camel-case": "^4.1.2",
                "constant-case": "^3.0.4",
                "currency-iso": "^1.0.4",
                "date-fns": "^2.28.0",
                "p-tap": "^3.1.0",
                "ramda": "^0.28.0",
                "services-dynamodb": "^1.0.0",
                "services-middleware": "^1.0.0",
                "services-postgres": "^1.0.0",
                "snake-case": "^3.0.4",
                "sql-template-tag": "^4.1.0"
            },
            "devDependencies": {
                "typescript": "^4.5.5"
            },
            "peerDependencies": {
                "@univapay/univapay-node-private": "^2.1.16",
                "joi": "^17.3.0",
                "univapay-node": "^1.0.28"
            },
            "peerDependenciesMeta": {
                "@univapay/univapay-node-private": {
                    "optional": true
                },
                "joi": {
                    "optional": true
                },
                "univapay-node": {
                    "optional": true
                }
            }
        },
        "common/logger": {
            "name": "services-logger",
            "version": "1.0.0",
            "extraneous": true,
            "license": "ISC",
            "dependencies": {
                "loglevel": "^1.8.0",
                "loglevel-plugin-prefix": "^0.8.4",
                "serialize-error": "^8.1.0"
            },
            "devDependencies": {
                "chai": "^4.3.5",
                "env-test": "^1.0.0",
                "mocha": "^9.2.0",
                "test-console": "^2.0.0",
                "ts-node": "^10.5.0",
                "typescript": "^4.5.5"
            }
        },
        "common/middleware": {
            "name": "services-middleware",
            "version": "1.0.0",
            "extraneous": true,
            "license": "ISC",
            "dependencies": {
                "es6-promise-try": "^1.0.2",
                "ramda": "^0.28.0"
            },
            "devDependencies": {
                "chai": "^4.3.5",
                "chai-as-promised": "^7.1.1",
                "dirty-chai": "^2.0.1",
                "mocha": "^9.2.0",
                "services-test-utils": "^1.0.0",
                "sinon": "^13.0.1",
                "sinon-chai": "^3.7.0",
                "ts-node": "^10.5.0",
                "typescript": "^4.5.5"
            }
        },
        "common/postgres": {
            "name": "services-postgres",
            "version": "1.0.0",
            "extraneous": true,
            "license": "ISC",
            "dependencies": {
                "aws-sdk-js-v3-rds-signer-cjs": "^1.0.0",
                "p-tap": "^3.1.0",
                "pg": "^8.7.3",
                "postgres-interval": "^4.0.0",
                "serverless-postgres": "^1.10.0",
                "services-middleware": "^1.0.0"
            },
            "devDependencies": {
                "typescript": "^4.5.5"
            }
        },
        "common/test-utils": {
            "name": "services-test-utils",
            "version": "1.0.0",
            "extraneous": true,
            "license": "ISC",
            "dependencies": {
                "@aws-sdk/client-api-gateway": "^3.50.0",
                "@aws-sdk/client-cloudformation": "^3.50.0",
                "chai": "^4.3.5",
                "chai-as-promised": "^7.1.1",
                "ramda": "^0.28.0"
            },
            "devDependencies": {
                "chai-http": "^4.3.0",
                "typescript": "^4.5.5"
            },
            "peerDependencies": {
                "@univapaycast/serverless-plugin-typescript": "^1.2.4",
                "serverless": "^2.54.0",
                "serverless-dynamodb-local": "^0.2.40",
                "serverless-offline": "^8.0.0"
            }
        },
        "dynamodb": {
            "version": "1.0.0",
            "license": "ISC",
            "dependencies": {
                "@aws/dynamodb-data-mapper": "^0.7.3",
                "aws-sdk": "^2.1067.0"
            },
            "devDependencies": {
                "typescript": "^4.5.5"
            }
        },
        "node_modules/@aws/dynamodb-auto-marshaller": {
            "version": "0.7.1",
            "license": "Apache-2.0",
            "dependencies": {
                "tslib": "^1.8.1"
            },
            "peerDependencies": {
                "aws-sdk": "^2.7.0"
            }
        },
        "node_modules/@aws/dynamodb-auto-marshaller/node_modules/tslib": {
            "version": "1.14.1",
            "license": "0BSD"
        },
        "node_modules/@aws/dynamodb-batch-iterator": {
            "version": "0.7.1",
            "license": "Apache-2.0",
            "dependencies": {
                "tslib": "^1.8.1",
                "utf8-bytes": "^0.0.1"
            },
            "peerDependencies": {
                "aws-sdk": "^2.7.0"
            }
        },
        "node_modules/@aws/dynamodb-batch-iterator/node_modules/tslib": {
            "version": "1.14.1",
            "license": "0BSD"
        },
        "node_modules/@aws/dynamodb-data-mapper": {
            "version": "0.7.3",
            "license": "Apache-2.0",
            "dependencies": {
                "@aws/dynamodb-auto-marshaller": "^0.7.1",
                "@aws/dynamodb-batch-iterator": "^0.7.1",
                "@aws/dynamodb-data-marshaller": "^0.7.3",
                "@aws/dynamodb-expressions": "^0.7.3",
                "@aws/dynamodb-query-iterator": "^0.7.1",
                "tslib": "^1.8.1"
            },
            "peerDependencies": {
                "aws-sdk": "^2.7.0"
            }
        },
        "node_modules/@aws/dynamodb-data-mapper-annotations": {
            "version": "0.7.3",
            "license": "Apache-2.0",
            "dependencies": {
                "@aws/dynamodb-auto-marshaller": "^0.7.1",
                "@aws/dynamodb-data-mapper": "^0.7.3",
                "@aws/dynamodb-data-marshaller": "^0.7.3",
                "reflect-metadata": "^0.1.10",
                "tslib": "^1.8.1",
                "uuid": "^3.0.0"
            }
        },
        "node_modules/@aws/dynamodb-data-mapper-annotations/node_modules/tslib": {
            "version": "1.14.1",
            "license": "0BSD"
        },
        "node_modules/@aws/dynamodb-data-mapper-annotations/node_modules/uuid": {
            "version": "3.4.0",
            "license": "MIT",
            "bin": {
                "uuid": "bin/uuid"
            }
        },
        "node_modules/@aws/dynamodb-data-mapper/node_modules/tslib": {
            "version": "1.14.1",
            "license": "0BSD"
        },
        "node_modules/@aws/dynamodb-data-marshaller": {
            "version": "0.7.3",
            "license": "Apache-2.0",
            "dependencies": {
                "@aws/dynamodb-auto-marshaller": "^0.7.1",
                "@aws/dynamodb-expressions": "^0.7.3",
                "tslib": "^1.8.1",
                "utf8-bytes": "^0.0.1"
            },
            "peerDependencies": {
                "aws-sdk": "^2.7.0"
            }
        },
        "node_modules/@aws/dynamodb-data-marshaller/node_modules/tslib": {
            "version": "1.14.1",
            "license": "0BSD"
        },
        "node_modules/@aws/dynamodb-expressions": {
            "version": "0.7.3",
            "license": "Apache-2.0",
            "dependencies": {
                "@aws/dynamodb-auto-marshaller": "^0.7.1",
                "tslib": "^1.8.1"
            },
            "peerDependencies": {
                "aws-sdk": "^2.7.0"
            }
        },
        "node_modules/@aws/dynamodb-expressions/node_modules/tslib": {
            "version": "1.14.1",
            "license": "0BSD"
        },
        "node_modules/@aws/dynamodb-query-iterator": {
            "version": "0.7.1",
            "license": "Apache-2.0",
            "dependencies": {
                "tslib": "^1.8.1"
            },
            "peerDependencies": {
                "aws-sdk": "^2.7.0"
            }
        },
        "node_modules/@aws/dynamodb-query-iterator/node_modules/tslib": {
            "version": "1.14.1",
            "license": "0BSD"
        },
        "node_modules/@rollup/plugin-commonjs": {
            "version": "22.0.0-11",
            "resolved": "https://registry.npmjs.org/@rollup/plugin-commonjs/-/plugin-commonjs-22.0.0-11.tgz",
            "integrity": "sha512-dISKOYl6Q7Z2EriO/Sa3eHYdi5sXW80S3hwAcdZO9h9yUyt0FqWf9gwfnRyHSIaaKjT6nA605conU2nkT/XSog==",
            "dev": true,
            "dependencies": {
                "@rollup/pluginutils": "^3.1.0",
                "commondir": "^1.0.1",
                "estree-walker": "^2.0.1",
                "glob": "^7.1.6",
                "is-reference": "^1.2.1",
                "magic-string": "^0.25.7",
                "resolve": "^1.17.0"
            },
            "engines": {
                "node": ">= 12.0.0"
            },
            "peerDependencies": {
                "rollup": "^2.67.0"
            }
        },
        "node_modules/@rollup/plugin-json": {
            "version": "4.1.0",
            "dev": true,
            "license": "MIT",
            "dependencies": {
                "@rollup/pluginutils": "^3.0.8"
            },
            "peerDependencies": {
                "rollup": "^1.20.0 || ^2.0.0"
            }
        },
        "node_modules/@rollup/plugin-node-resolve": {
            "version": "13.1.3",
            "dev": true,
            "license": "MIT",
            "dependencies": {
                "@rollup/pluginutils": "^3.1.0",
                "@types/resolve": "1.17.1",
                "builtin-modules": "^3.1.0",
                "deepmerge": "^4.2.2",
                "is-module": "^1.0.0",
                "resolve": "^1.19.0"
            },
            "engines": {
                "node": ">= 10.0.0"
            },
            "peerDependencies": {
                "rollup": "^2.42.0"
            }
        },
        "node_modules/@rollup/plugin-typescript": {
            "version": "8.3.0",
            "dev": true,
            "license": "MIT",
            "dependencies": {
                "@rollup/pluginutils": "^3.1.0",
                "resolve": "^1.17.0"
            },
            "engines": {
                "node": ">=8.0.0"
            },
            "peerDependencies": {
                "rollup": "^2.14.0",
                "tslib": "*",
                "typescript": ">=3.7.0"
            }
        },
        "node_modules/@rollup/pluginutils": {
            "version": "3.1.0",
            "dev": true,
            "license": "MIT",
            "dependencies": {
                "@types/estree": "0.0.39",
                "estree-walker": "^1.0.1",
                "picomatch": "^2.2.2"
            },
            "engines": {
                "node": ">= 8.0.0"
            },
            "peerDependencies": {
                "rollup": "^1.20.0||^2.0.0"
            }
        },
        "node_modules/@rollup/pluginutils/node_modules/estree-walker": {
            "version": "1.0.1",
            "dev": true,
            "license": "MIT"
        },
        "node_modules/@types/estree": {
            "version": "0.0.39",
            "dev": true,
            "license": "MIT"
        },
        "node_modules/@types/node": {
            "version": "17.0.17",
            "dev": true,
            "license": "MIT"
        },
        "node_modules/@types/resolve": {
            "version": "1.17.1",
            "dev": true,
            "license": "MIT",
            "dependencies": {
                "@types/node": "*"
            }
        },
        "node_modules/aws-sdk": {
            "version": "2.1069.0",
            "license": "Apache-2.0",
            "dependencies": {
                "buffer": "4.9.2",
                "events": "1.1.1",
                "ieee754": "1.1.13",
                "jmespath": "0.16.0",
                "querystring": "0.2.0",
                "sax": "1.2.1",
                "url": "0.10.3",
                "uuid": "3.3.2",
                "xml2js": "0.4.19"
            },
            "engines": {
                "node": ">= 10.0.0"
            }
        },
        "node_modules/aws-sdk/node_modules/uuid": {
            "version": "3.3.2",
            "license": "MIT",
            "bin": {
                "uuid": "bin/uuid"
            }
        },
        "node_modules/balanced-match": {
            "version": "1.0.2",
            "dev": true,
            "license": "MIT"
        },
        "node_modules/base64-js": {
            "version": "1.5.1",
            "funding": [
                {
                    "type": "github",
                    "url": "https://github.com/sponsors/feross"
                },
                {
                    "type": "patreon",
                    "url": "https://www.patreon.com/feross"
                },
                {
                    "type": "consulting",
                    "url": "https://feross.org/support"
                }
            ],
            "license": "MIT"
        },
        "node_modules/brace-expansion": {
            "version": "1.1.11",
            "dev": true,
            "license": "MIT",
            "dependencies": {
                "balanced-match": "^1.0.0",
                "concat-map": "0.0.1"
            }
        },
        "node_modules/buffer": {
            "version": "4.9.2",
            "license": "MIT",
            "dependencies": {
                "base64-js": "^1.0.2",
                "ieee754": "^1.1.4",
                "isarray": "^1.0.0"
            }
        },
        "node_modules/builtin-modules": {
            "version": "3.2.0",
            "dev": true,
            "license": "MIT",
            "engines": {
                "node": ">=6"
            },
            "funding": {
                "url": "https://github.com/sponsors/sindresorhus"
            }
        },
        "node_modules/commondir": {
            "version": "1.0.1",
            "dev": true,
            "license": "MIT"
        },
        "node_modules/concat-map": {
            "version": "0.0.1",
            "dev": true,
            "license": "MIT"
        },
        "node_modules/deepmerge": {
            "version": "4.2.2",
            "dev": true,
            "license": "MIT",
            "engines": {
                "node": ">=0.10.0"
            }
        },
        "node_modules/dynamodb": {
            "resolved": "dynamodb",
            "link": true
        },
        "node_modules/estree-walker": {
            "version": "2.0.2",
            "dev": true,
            "license": "MIT"
        },
        "node_modules/events": {
            "version": "1.1.1",
            "license": "MIT",
            "engines": {
                "node": ">=0.4.x"
            }
        },
        "node_modules/fs.realpath": {
            "version": "1.0.0",
            "dev": true,
            "license": "ISC"
        },
        "node_modules/fsevents": {
            "version": "2.3.2",
            "resolved": "https://registry.npmjs.org/fsevents/-/fsevents-2.3.2.tgz",
            "integrity": "sha512-xiqMQR4xAeHTuB9uWm+fFRcIOgKBMiOBP+eXiyT7jsgVCq1bkVygt00oASowB7EdtpOHaaPgKt812P9ab+DDKA==",
            "dev": true,
            "hasInstallScript": true,
            "optional": true,
            "os": [
                "darwin"
            ],
            "engines": {
                "node": "^8.16.0 || ^10.6.0 || >=11.0.0"
            }
        },
        "node_modules/function-bind": {
            "version": "1.1.1",
            "dev": true,
            "license": "MIT"
        },
        "node_modules/glob": {
            "version": "7.2.0",
            "dev": true,
            "license": "ISC",
            "dependencies": {
                "fs.realpath": "^1.0.0",
                "inflight": "^1.0.4",
                "inherits": "2",
                "minimatch": "^3.0.4",
                "once": "^1.3.0",
                "path-is-absolute": "^1.0.0"
            },
            "engines": {
                "node": "*"
            },
            "funding": {
                "url": "https://github.com/sponsors/isaacs"
            }
        },
        "node_modules/has": {
            "version": "1.0.3",
            "dev": true,
            "license": "MIT",
            "dependencies": {
                "function-bind": "^1.1.1"
            },
            "engines": {
                "node": ">= 0.4.0"
            }
        },
        "node_modules/ieee754": {
            "version": "1.1.13",
            "license": "BSD-3-Clause"
        },
        "node_modules/inflight": {
            "version": "1.0.6",
            "dev": true,
            "license": "ISC",
            "dependencies": {
                "once": "^1.3.0",
                "wrappy": "1"
            }
        },
        "node_modules/inherits": {
            "version": "2.0.4",
            "dev": true,
            "license": "ISC"
        },
        "node_modules/is-core-module": {
            "version": "2.8.1",
            "dev": true,
            "license": "MIT",
            "dependencies": {
                "has": "^1.0.3"
            },
            "funding": {
                "url": "https://github.com/sponsors/ljharb"
            }
        },
        "node_modules/is-module": {
            "version": "1.0.0",
            "dev": true,
            "license": "MIT"
        },
        "node_modules/is-reference": {
            "version": "1.2.1",
            "dev": true,
            "license": "MIT",
            "dependencies": {
                "@types/estree": "*"
            }
        },
        "node_modules/isarray": {
            "version": "1.0.0",
            "license": "MIT"
        },
        "node_modules/jmespath": {
            "version": "0.16.0",
            "license": "Apache-2.0",
            "engines": {
                "node": ">= 0.6.0"
            }
        },
        "node_modules/magic-string": {
            "version": "0.25.7",
            "dev": true,
            "license": "MIT",
            "dependencies": {
                "sourcemap-codec": "^1.4.4"
            }
        },
        "node_modules/minimatch": {
            "version": "3.0.4",
            "dev": true,
            "license": "ISC",
            "dependencies": {
                "brace-expansion": "^1.1.7"
            },
            "engines": {
                "node": "*"
            }
        },
        "node_modules/once": {
            "version": "1.4.0",
            "dev": true,
            "license": "ISC",
            "dependencies": {
                "wrappy": "1"
            }
        },
        "node_modules/path-is-absolute": {
            "version": "1.0.1",
            "dev": true,
            "license": "MIT",
            "engines": {
                "node": ">=0.10.0"
            }
        },
        "node_modules/path-parse": {
            "version": "1.0.7",
            "dev": true,
            "license": "MIT"
        },
        "node_modules/picomatch": {
            "version": "2.3.1",
            "dev": true,
            "license": "MIT",
            "engines": {
                "node": ">=8.6"
            },
            "funding": {
                "url": "https://github.com/sponsors/jonschlinkert"
            }
        },
        "node_modules/querystring": {
            "version": "0.2.0",
            "engines": {
                "node": ">=0.4.x"
            }
        },
        "node_modules/reflect-metadata": {
            "version": "0.1.13",
            "license": "Apache-2.0"
        },
        "node_modules/resolve": {
            "version": "1.22.0",
            "dev": true,
            "license": "MIT",
            "dependencies": {
                "is-core-module": "^2.8.1",
                "path-parse": "^1.0.7",
                "supports-preserve-symlinks-flag": "^1.0.0"
            },
            "bin": {
                "resolve": "bin/resolve"
            },
            "funding": {
                "url": "https://github.com/sponsors/ljharb"
            }
        },
        "node_modules/rollup": {
            "version": "2.67.2",
            "resolved": "https://registry.npmjs.org/rollup/-/rollup-2.67.2.tgz",
            "integrity": "sha512-hoEiBWwZtf1QdK3jZIq59L0FJj4Fiv4RplCO4pvCRC86qsoFurWB4hKQIjoRf3WvJmk5UZ9b0y5ton+62fC7Tw==",
            "dev": true,
            "bin": {
                "rollup": "dist/bin/rollup"
            },
            "engines": {
                "node": ">=10.0.0"
            },
            "optionalDependencies": {
                "fsevents": "~2.3.2"
            }
        },
        "node_modules/sax": {
            "version": "1.2.1",
            "license": "ISC"
        },
        "node_modules/service": {
            "resolved": "service",
            "link": true
        },
        "node_modules/sourcemap-codec": {
            "version": "1.4.8",
            "dev": true,
            "license": "MIT"
        },
        "node_modules/supports-preserve-symlinks-flag": {
            "version": "1.0.0",
            "dev": true,
            "license": "MIT",
            "engines": {
                "node": ">= 0.4"
            },
            "funding": {
                "url": "https://github.com/sponsors/ljharb"
            }
        },
        "node_modules/tslib": {
            "version": "2.3.1",
            "dev": true,
            "license": "0BSD",
            "peer": true
        },
        "node_modules/typescript": {
            "version": "4.5.5",
            "dev": true,
            "license": "Apache-2.0",
            "bin": {
                "tsc": "bin/tsc",
                "tsserver": "bin/tsserver"
            },
            "engines": {
                "node": ">=4.2.0"
            }
        },
        "node_modules/url": {
            "version": "0.10.3",
            "license": "MIT",
            "dependencies": {
                "punycode": "1.3.2",
                "querystring": "0.2.0"
            }
        },
        "node_modules/url/node_modules/punycode": {
            "version": "1.3.2",
            "license": "MIT"
        },
        "node_modules/utf8-bytes": {
            "version": "0.0.1",
            "license": "MIT"
        },
        "node_modules/wrappy": {
            "version": "1.0.2",
            "dev": true,
            "license": "ISC"
        },
        "node_modules/xml2js": {
            "version": "0.4.19",
            "license": "MIT",
            "dependencies": {
                "sax": ">=0.6.0",
                "xmlbuilder": "~9.0.1"
            }
        },
        "node_modules/xmlbuilder": {
            "version": "9.0.7",
            "license": "MIT",
            "engines": {
                "node": ">=4.0"
            }
        },
        "service": {
            "version": "1.0.0",
            "license": "ISC",
            "dependencies": {
                "@aws/dynamodb-data-mapper": "^0.7.3",
                "@aws/dynamodb-data-mapper-annotations": "^0.7.3"
            },
            "devDependencies": {
                "@rollup/plugin-commonjs": "^22.0.0-11",
                "@rollup/plugin-json": "^4.1.0",
                "@rollup/plugin-node-resolve": "^13.1.3",
                "@rollup/plugin-typescript": "^8.3.0",
                "rollup": "^2.67.2",
                "typescript": "^4.5.5"
            }
        },
        "services/checkout": {
            "name": "services-checkout",
            "version": "1.0.0",
            "extraneous": true,
            "hasInstallScript": true,
            "license": "ISC",
            "dependencies": {
                "@univapay/univapay-node-private": "^2.1.16",
                "arrify": "^2.0.1",
                "cross-fetch": "^3.1.5",
                "currency-iso": "^1.0.4",
                "docker-compose": "^0.23.17",
                "generate-password": "^1.7.0",
                "http-auth-utils": "^3.0.2",
                "isomorphic-form-data": "^2.0.0",
                "joi": "^17.5.0",
                "jsonwebtoken": "^8.5.1",
                "p-tap": "^3.1.0",
                "query-string": "^7.1.1",
                "ramda": "^0.28.0",
                "services-dynamodb": "^1.0.0",
                "services-gpp-compat": "^1.0.0",
                "services-logger": "^1.0.0",
                "services-middleware": "^1.0.0",
                "services-postgres": "^1.0.0",
                "sql-template-tag": "^4.1.0",
                "univapay-node": "^1.0.28",
                "uuid": "^8.3.2"
            },
            "devDependencies": {
                "@perrin4869/postgrator-cli": "^5.0.0",
                "@rollup/plugin-commonjs": "^22.0.0-11",
                "@rollup/plugin-json": "^4.1.0",
                "@rollup/plugin-node-resolve": "^13.1.3",
                "@rollup/plugin-replace": "^3.1.0",
                "@rollup/plugin-typescript": "^8.3.0",
                "chai": "^4.3.5",
                "chai-as-promised": "^7.1.1",
                "chai-http": "^4.3.0",
                "chai-sorted": "^0.2.0",
                "chai-subset": "^1.6.0",
                "delay": "^5.0.0",
                "dirty-chai": "^2.0.1",
                "dotenv-expand": "^8.0.1",
                "dotenv-flow": "^3.2.0",
                "env-test": "^1.0.0",
                "mocha": "^9.2.0",
                "mock-http-server": "^1.4.5",
                "p-wait-for": "^3.2.0",
                "pascal-case": "^3.1.2",
                "postgrator": "^5.0.0",
                "rollup": "^2.67.2",
                "rollup-plugin-terser": "^7.0.2",
                "serverless": "^2.72.2",
                "serverless-dynamodb-local": "^0.2.40",
                "serverless-offline": "^8.4.0",
                "serverless-plugin-split-stacks": "^1.11.3",
                "serverless-rollup-plugin": "^2.4.0",
                "services-test-utils": "^1.0.0",
                "sinon": "^13.0.1",
                "sinon-chai": "^3.7.0",
                "ts-node": "^10.5.0",
                "typescript": "^4.5.5",
                "wait-port": "^0.2.9",
                "wtfnode": "^0.9.1"
            }
        },
        "services/distid": {
            "name": "services-distid",
            "version": "1.0.0",
            "extraneous": true,
            "hasInstallScript": true,
            "license": "ISC",
            "dependencies": {
                "node-get-random-values": "^1.1.0",
                "p-tap": "^3.1.0",
                "ramda": "^0.28.0",
                "services-dynamodb": "^1.0.0",
                "services-logger": "^1.0.0",
                "services-middleware": "^1.0.0"
            },
            "devDependencies": {
                "@rollup/plugin-commonjs": "^22.0.0-11",
                "@rollup/plugin-json": "^4.1.0",
                "@rollup/plugin-node-resolve": "^13.1.3",
                "@rollup/plugin-typescript": "^8.3.0",
                "chai": "^4.3.5",
                "chai-as-promised": "^7.1.1",
                "chai-http": "^4.3.0",
                "dirty-chai": "^2.0.1",
                "dotenv-flow": "^3.2.0",
                "env-test": "^1.0.0",
                "mocha": "^9.2.0",
                "rollup": "^2.67.2",
                "rollup-plugin-terser": "^7.0.2",
                "serverless": "^2.72.2",
                "serverless-dynamodb-local": "^0.2.40",
                "serverless-offline": "^8.4.0",
                "serverless-rollup-plugin": "^2.4.0",
                "services-test-utils": "^1.0.0",
                "sinon": "^13.0.1",
                "ts-node": "^10.5.0",
                "typescript": "^4.5.5"
            }
        },
        "services/miniapp": {
            "name": "services-miniapp",
            "version": "1.0.0",
            "extraneous": true,
            "license": "ISC",
            "dependencies": {
                "@aws/dynamodb-data-mapper": "^0.7.3",
                "@aws/dynamodb-data-mapper-annotations": "^0.7.3"
            },
            "devDependencies": {
                "@rollup/plugin-commonjs": "^22.0.0-11",
                "@rollup/plugin-json": "^4.1.0",
                "@rollup/plugin-node-resolve": "^13.1.3",
                "@rollup/plugin-typescript": "^8.3.0",
                "rollup": "^2.67.2",
                "typescript": "^4.5.5"
            }
        },
        "services/notification": {
            "name": "services-notification",
            "version": "1.0.0",
            "extraneous": true,
            "hasInstallScript": true,
            "license": "ISC",
            "dependencies": {
                "@aws/dynamodb-data-mapper-annotations": "^0.7.3",
                "ramda": "^0.28.0",
                "services-dynamodb": "^1.0.0",
                "services-middleware": "^1.0.0"
            },
            "devDependencies": {
                "@rollup/plugin-commonjs": "^22.0.0-11",
                "@rollup/plugin-json": "^4.1.0",
                "@rollup/plugin-node-resolve": "^13.1.3",
                "@rollup/plugin-typescript": "^8.3.0",
                "chai": "^4.3.5",
                "chai-as-promised": "^7.1.1",
                "chai-http": "^4.3.0",
                "dirty-chai": "^2.0.1",
                "dotenv-flow": "^3.2.0",
                "env-test": "^1.0.0",
                "mocha": "^9.2.0",
                "rollup": "^2.67.2",
                "rollup-plugin-terser": "^7.0.2",
                "serverless": "^2.72.2",
                "serverless-dynamodb-local": "^0.2.40",
                "serverless-offline": "^8.4.0",
                "serverless-rollup-plugin": "^2.4.0",
                "services-test-utils": "^1.0.0",
                "sinon": "^13.0.1",
                "ts-node": "^10.5.0",
                "typescript": "^4.5.5"
            }
        },
        "services/onetouch": {
            "name": "services-onetouch",
            "version": "1.0.0",
            "extraneous": true,
            "license": "ISC",
            "devDependencies": {
                "@perrin4869/postgrator-cli": "^5.0.0",
                "dotenv-expand": "^8.0.1",
                "dotenv-flow": "^3.2.0",
                "ramda": "^0.28.0",
                "services-postgres": "^1.0.0"
            }
        }
    },
    "dependencies": {
        "@aws/dynamodb-auto-marshaller": {
            "version": "0.7.1",
            "requires": {
                "tslib": "^1.8.1"
            },
            "dependencies": {
                "tslib": {
                    "version": "1.14.1"
                }
            }
        },
        "@aws/dynamodb-batch-iterator": {
            "version": "0.7.1",
            "requires": {
                "tslib": "^1.8.1",
                "utf8-bytes": "^0.0.1"
            },
            "dependencies": {
                "tslib": {
                    "version": "1.14.1"
                }
            }
        },
        "@aws/dynamodb-data-mapper": {
            "version": "0.7.3",
            "requires": {
                "@aws/dynamodb-auto-marshaller": "^0.7.1",
                "@aws/dynamodb-batch-iterator": "^0.7.1",
                "@aws/dynamodb-data-marshaller": "^0.7.3",
                "@aws/dynamodb-expressions": "^0.7.3",
                "@aws/dynamodb-query-iterator": "^0.7.1",
                "tslib": "^1.8.1"
            },
            "dependencies": {
                "tslib": {
                    "version": "1.14.1"
                }
            }
        },
        "@aws/dynamodb-data-mapper-annotations": {
            "version": "0.7.3",
            "requires": {
                "@aws/dynamodb-auto-marshaller": "^0.7.1",
                "@aws/dynamodb-data-mapper": "^0.7.3",
                "@aws/dynamodb-data-marshaller": "^0.7.3",
                "reflect-metadata": "^0.1.10",
                "tslib": "^1.8.1",
                "uuid": "^3.0.0"
            },
            "dependencies": {
                "tslib": {
                    "version": "1.14.1"
                },
                "uuid": {
                    "version": "3.4.0"
                }
            }
        },
        "@aws/dynamodb-data-marshaller": {
            "version": "0.7.3",
            "requires": {
                "@aws/dynamodb-auto-marshaller": "^0.7.1",
                "@aws/dynamodb-expressions": "^0.7.3",
                "tslib": "^1.8.1",
                "utf8-bytes": "^0.0.1"
            },
            "dependencies": {
                "tslib": {
                    "version": "1.14.1"
                }
            }
        },
        "@aws/dynamodb-expressions": {
            "version": "0.7.3",
            "requires": {
                "@aws/dynamodb-auto-marshaller": "^0.7.1",
                "tslib": "^1.8.1"
            },
            "dependencies": {
                "tslib": {
                    "version": "1.14.1"
                }
            }
        },
        "@aws/dynamodb-query-iterator": {
            "version": "0.7.1",
            "requires": {
                "tslib": "^1.8.1"
            },
            "dependencies": {
                "tslib": {
                    "version": "1.14.1"
                }
            }
        },
        "@rollup/plugin-commonjs": {
            "version": "22.0.0-11",
            "resolved": "https://registry.npmjs.org/@rollup/plugin-commonjs/-/plugin-commonjs-22.0.0-11.tgz",
            "integrity": "sha512-dISKOYl6Q7Z2EriO/Sa3eHYdi5sXW80S3hwAcdZO9h9yUyt0FqWf9gwfnRyHSIaaKjT6nA605conU2nkT/XSog==",
            "dev": true,
            "requires": {
                "@rollup/pluginutils": "^3.1.0",
                "commondir": "^1.0.1",
                "estree-walker": "^2.0.1",
                "glob": "^7.1.6",
                "is-reference": "^1.2.1",
                "magic-string": "^0.25.7",
                "resolve": "^1.17.0"
            }
        },
        "@rollup/plugin-json": {
            "version": "4.1.0",
            "dev": true,
            "requires": {
                "@rollup/pluginutils": "^3.0.8"
            }
        },
        "@rollup/plugin-node-resolve": {
            "version": "13.1.3",
            "dev": true,
            "requires": {
                "@rollup/pluginutils": "^3.1.0",
                "@types/resolve": "1.17.1",
                "builtin-modules": "^3.1.0",
                "deepmerge": "^4.2.2",
                "is-module": "^1.0.0",
                "resolve": "^1.19.0"
            }
        },
        "@rollup/plugin-typescript": {
            "version": "8.3.0",
            "dev": true,
            "requires": {
                "@rollup/pluginutils": "^3.1.0",
                "resolve": "^1.17.0"
            }
        },
        "@rollup/pluginutils": {
            "version": "3.1.0",
            "dev": true,
            "requires": {
                "@types/estree": "0.0.39",
                "estree-walker": "^1.0.1",
                "picomatch": "^2.2.2"
            },
            "dependencies": {
                "estree-walker": {
                    "version": "1.0.1",
                    "dev": true
                }
            }
        },
        "@types/estree": {
            "version": "0.0.39",
            "dev": true
        },
        "@types/node": {
            "version": "17.0.17",
            "dev": true
        },
        "@types/resolve": {
            "version": "1.17.1",
            "dev": true,
            "requires": {
                "@types/node": "*"
            }
        },
        "aws-sdk": {
            "version": "2.1069.0",
            "requires": {
                "buffer": "4.9.2",
                "events": "1.1.1",
                "ieee754": "1.1.13",
                "jmespath": "0.16.0",
                "querystring": "0.2.0",
                "sax": "1.2.1",
                "url": "0.10.3",
                "uuid": "3.3.2",
                "xml2js": "0.4.19"
            },
            "dependencies": {
                "uuid": {
                    "version": "3.3.2"
                }
            }
        },
        "balanced-match": {
            "version": "1.0.2",
            "dev": true
        },
        "base64-js": {
            "version": "1.5.1"
        },
        "brace-expansion": {
            "version": "1.1.11",
            "dev": true,
            "requires": {
                "balanced-match": "^1.0.0",
                "concat-map": "0.0.1"
            }
        },
        "buffer": {
            "version": "4.9.2",
            "requires": {
                "base64-js": "^1.0.2",
                "ieee754": "^1.1.4",
                "isarray": "^1.0.0"
            }
        },
        "builtin-modules": {
            "version": "3.2.0",
            "dev": true
        },
        "commondir": {
            "version": "1.0.1",
            "dev": true
        },
        "concat-map": {
            "version": "0.0.1",
            "dev": true
        },
        "deepmerge": {
            "version": "4.2.2",
            "dev": true
        },
        "dynamodb": {
            "version": "file:dynamodb",
            "requires": {
                "@aws/dynamodb-data-mapper": "^0.7.3",
                "aws-sdk": "^2.1067.0",
                "typescript": "^4.5.5"
            }
        },
        "estree-walker": {
            "version": "2.0.2",
            "dev": true
        },
        "events": {
            "version": "1.1.1"
        },
        "fs.realpath": {
            "version": "1.0.0",
            "dev": true
        },
        "fsevents": {
            "version": "2.3.2",
            "resolved": "https://registry.npmjs.org/fsevents/-/fsevents-2.3.2.tgz",
            "integrity": "sha512-xiqMQR4xAeHTuB9uWm+fFRcIOgKBMiOBP+eXiyT7jsgVCq1bkVygt00oASowB7EdtpOHaaPgKt812P9ab+DDKA==",
            "dev": true,
            "optional": true
        },
        "function-bind": {
            "version": "1.1.1",
            "dev": true
        },
        "glob": {
            "version": "7.2.0",
            "dev": true,
            "requires": {
                "fs.realpath": "^1.0.0",
                "inflight": "^1.0.4",
                "inherits": "2",
                "minimatch": "^3.0.4",
                "once": "^1.3.0",
                "path-is-absolute": "^1.0.0"
            }
        },
        "has": {
            "version": "1.0.3",
            "dev": true,
            "requires": {
                "function-bind": "^1.1.1"
            }
        },
        "ieee754": {
            "version": "1.1.13"
        },
        "inflight": {
            "version": "1.0.6",
            "dev": true,
            "requires": {
                "once": "^1.3.0",
                "wrappy": "1"
            }
        },
        "inherits": {
            "version": "2.0.4",
            "dev": true
        },
        "is-core-module": {
            "version": "2.8.1",
            "dev": true,
            "requires": {
                "has": "^1.0.3"
            }
        },
        "is-module": {
            "version": "1.0.0",
            "dev": true
        },
        "is-reference": {
            "version": "1.2.1",
            "dev": true,
            "requires": {
                "@types/estree": "*"
            }
        },
        "isarray": {
            "version": "1.0.0"
        },
        "jmespath": {
            "version": "0.16.0"
        },
        "magic-string": {
            "version": "0.25.7",
            "dev": true,
            "requires": {
                "sourcemap-codec": "^1.4.4"
            }
        },
        "minimatch": {
            "version": "3.0.4",
            "dev": true,
            "requires": {
                "brace-expansion": "^1.1.7"
            }
        },
        "once": {
            "version": "1.4.0",
            "dev": true,
            "requires": {
                "wrappy": "1"
            }
        },
        "path-is-absolute": {
            "version": "1.0.1",
            "dev": true
        },
        "path-parse": {
            "version": "1.0.7",
            "dev": true
        },
        "picomatch": {
            "version": "2.3.1",
            "dev": true
        },
        "querystring": {
            "version": "0.2.0"
        },
        "reflect-metadata": {
            "version": "0.1.13"
        },
        "resolve": {
            "version": "1.22.0",
            "dev": true,
            "requires": {
                "is-core-module": "^2.8.1",
                "path-parse": "^1.0.7",
                "supports-preserve-symlinks-flag": "^1.0.0"
            }
        },
        "rollup": {
            "version": "2.67.2",
            "resolved": "https://registry.npmjs.org/rollup/-/rollup-2.67.2.tgz",
            "integrity": "sha512-hoEiBWwZtf1QdK3jZIq59L0FJj4Fiv4RplCO4pvCRC86qsoFurWB4hKQIjoRf3WvJmk5UZ9b0y5ton+62fC7Tw==",
            "dev": true,
            "requires": {
                "fsevents": "~2.3.2"
            }
        },
        "sax": {
            "version": "1.2.1"
        },
        "service": {
            "version": "file:service",
            "requires": {
                "@aws/dynamodb-data-mapper": "^0.7.3",
                "@aws/dynamodb-data-mapper-annotations": "^0.7.3",
                "@rollup/plugin-commonjs": "^22.0.0-11",
                "@rollup/plugin-json": "^4.1.0",
                "@rollup/plugin-node-resolve": "^13.1.3",
                "@rollup/plugin-typescript": "^8.3.0",
                "rollup": "^2.67.2",
                "typescript": "^4.5.5"
            }
        },
        "sourcemap-codec": {
            "version": "1.4.8",
            "dev": true
        },
        "supports-preserve-symlinks-flag": {
            "version": "1.0.0",
            "dev": true
        },
        "tslib": {
            "version": "2.3.1",
            "dev": true,
            "peer": true
        },
        "typescript": {
            "version": "4.5.5",
            "dev": true
        },
        "url": {
            "version": "0.10.3",
            "requires": {
                "punycode": "1.3.2",
                "querystring": "0.2.0"
            },
            "dependencies": {
                "punycode": {
                    "version": "1.3.2"
                }
            }
        },
        "utf8-bytes": {
            "version": "0.0.1"
        },
        "wrappy": {
            "version": "1.0.2",
            "dev": true
        },
        "xml2js": {
            "version": "0.4.19",
            "requires": {
                "sax": ">=0.6.0",
                "xmlbuilder": "~9.0.1"
            }
        },
        "xmlbuilder": {
            "version": "9.0.7"
        }
    }
}
